
Microsoft Visual Studio Solution File, Format Version 12.00
# Visual Studio 15
VisualStudioVersion = 15.0.27130.2020
MinimumVisualStudioVersion = 10.0.40219.1
Project("{FAE04EC0-301F-11D3-BF4B-00C04F79EFBC}") = "CSScriptOriginal", "CSScriptOriginal\CSScriptOriginal.csproj", "{0EDB5825-AB97-4208-8001-937131288D34}"
EndProject
Project("{FAE04EC0-301F-11D3-BF4B-00C04F79EFBC}") = "CSScriptLoadFile", "CSScriptLoadFile\CSScriptLoadFile.csproj", "{1DD33834-2293-46F5-99D3-091221310B49}"
EndProject
Global
	GlobalSection(SolutionConfigurationPlatforms) = preSolution
		Debug|Any CPU = Debug|Any CPU
		Release|Any CPU = Release|Any CPU
	EndGlobalSection
	GlobalSection(ProjectConfigurationPlatforms) = postSolution
		{0EDB5825-AB97-4208-8001-937131288D34}.Debug|Any CPU.ActiveCfg = Debug|Any CPU
		{0EDB5825-AB97-4208-8001-937131288D34}.Debug|Any CPU.Build.0 = Debug|Any CPU
		{0EDB5825-AB97-4208-8001-937131288D34}.Release|Any CPU.ActiveCfg = Release|Any CPU
		{0EDB5825-AB97-4208-8001-937131288D34}.Release|Any CPU.Build.0 = Release|Any CPU
		{1DD33834-2293-46F5-99D3-091221310B49}.Debug|Any CPU.ActiveCfg = Debug|Any CPU
		{1DD33834-2293-46F5-99D3-091221310B49}.Debug|Any CPU.Build.0 = Debug|Any CPU
		{1DD33834-2293-46F5-99D3-091221310B49}.Release|Any CPU.ActiveCfg = Release|Any CPU
		{1DD33834-2293-46F5-99D3-091221310B49}.Release|Any CPU.Build.0 = Release|Any CPU
	EndGlobalSection
	GlobalSection(SolutionProperties) = preSolution
		HideSolutionNode = FALSE
	EndGlobalSection
	GlobalSection(ExtensibilityGlobals) = postSolution
		SolutionGuid = {55E6E50C-E785-4E38-9C81-34147B561ECF}
	EndGlobalSection
EndGlobal
